# This file was autogenerated by Stack.
# You should not edit this file by hand.
# For more information, please see the documentation at:
#   https://docs.haskellstack.org/en/stable/lock_files

packages:
- completed:
    hackage: sqlite-simple-0.4.18.0@sha256:3ceea56375c0a3590c814e411a4eb86943f8d31b93b110ca159c90689b6b39e5,3002
    pantry-tree:
      size: 1930
      sha256: e58b9955e483d51ee0966f8ba4384305d871480e2a38b32ee0fcd4573d74cf95
  original:
    hackage: sqlite-simple-0.4.18.0@sha256:3ceea56375c0a3590c814e411a4eb86943f8d31b93b110ca159c90689b6b39e5,3002
- completed:
    hackage: direct-sqlite-2.3.26@sha256:04e835402f1508abca383182023e4e2b9b86297b8533afbd4e57d1a5652e0c23,3718
    pantry-tree:
      size: 770
      sha256: 11874ab21e10c5b54cd1e02a037b677dc1e2ee9986f38c599612c56654dc01c3
  original:
    hackage: direct-sqlite-2.3.26@sha256:04e835402f1508abca383182023e4e2b9b86297b8533afbd4e57d1a5652e0c23,3718
- completed:
    hackage: webdriver-w3c-0.0.2@sha256:f07934702391238d79a06727a11f5c0518819e69814bc34b3fd4e2d3905ff464,4116
    pantry-tree:
      size: 2160
      sha256: 389540690a9cede0ba89e8e407e45c6db5c37a770fa9a064cd14600e99f54a0b
  original:
    hackage: webdriver-w3c-0.0.2@sha256:f07934702391238d79a06727a11f5c0518819e69814bc34b3fd4e2d3905ff464,4116
- completed:
    hackage: script-monad-0.0.3@sha256:ba3bad28d6f6400fe492101300dad63989afc813cc6c8dc23832170275951ef0,2218
    pantry-tree:
      size: 1200
      sha256: 165db39bdeb0ae75d45ae7eef354f5d42858c2e465fd69d58ff605096a811622
  original:
    hackage: script-monad-0.0.3@sha256:ba3bad28d6f6400fe492101300dad63989afc813cc6c8dc23832170275951ef0,2218
- completed:
    subdir: hasktorch
    name: hasktorch
    version: 0.2.0.0
    git: https://github.com/hasktorch/hasktorch.git
    pantry-tree:
      size: 8273
      sha256: 5adb3ef336320634ffa838fe3d30c901c18d6e48c95ef26cc9abddd433bba197
    commit: b5685dca3aebfc1516c7623b9ed7521a5db890ef
  original:
    subdir: hasktorch
    git: https://github.com/hasktorch/hasktorch.git
    commit: b5685dca3aebfc1516c7623b9ed7521a5db890ef
- completed:
    subdir: libtorch-ffi
    name: libtorch-ffi
    version: 1.9.0.0
    git: https://github.com/hasktorch/hasktorch.git
    pantry-tree:
      size: 9503
      sha256: a8f6652fe97f52c113f814bde05a2a83523e42c1a363e9284783f1e107e102e9
    commit: b5685dca3aebfc1516c7623b9ed7521a5db890ef
  original:
    subdir: libtorch-ffi
    git: https://github.com/hasktorch/hasktorch.git
    commit: b5685dca3aebfc1516c7623b9ed7521a5db890ef
- completed:
    subdir: libtorch-ffi-helper
    name: libtorch-ffi-helper
    version: 1.7.0.0
    git: https://github.com/hasktorch/hasktorch.git
    pantry-tree:
      size: 147
      sha256: b1e155fc23859d0372b15287f8f0fcac8388f82cb3a74d91f994a448e0552695
    commit: b5685dca3aebfc1516c7623b9ed7521a5db890ef
  original:
    subdir: libtorch-ffi-helper
    git: https://github.com/hasktorch/hasktorch.git
    commit: b5685dca3aebfc1516c7623b9ed7521a5db890ef
snapshots:
- completed:
    size: 563103
    url: https://raw.githubusercontent.com/commercialhaskell/stackage-snapshots/master/lts/17/4.yaml
    sha256: f11e2153044f5f71ea7b1c9398f4721f517c9bd37642ed769647b896564021f3
  original: lts-17.4
